
Microsoft Visual Studio Solution File, Format Version 12.00
# Visual Studio Version 16
VisualStudioVersion = 16.0.31624.102
MinimumVisualStudioVersion = 10.0.40219.1
Project("{FAE04EC0-301F-11D3-BF4B-00C04F79EFBC}") = "ConsoleAppHello", "ConsoleAppHello.csproj", "{B0D81106-992B-4E48-9575-733C028CAE1F}"
EndProject
Global
	GlobalSection(SolutionConfigurationPlatforms) = preSolution
		Debug|Any CPU = Debug|Any CPU
		Release|Any CPU = Release|Any CPU
	EndGlobalSection
	GlobalSection(ProjectConfigurationPlatforms) = postSolution
		{B0D81106-992B-4E48-9575-733C028CAE1F}.Debug|Any CPU.ActiveCfg = Debug|Any CPU
		{B0D81106-992B-4E48-9575-733C028CAE1F}.Debug|Any CPU.Build.0 = Debug|Any CPU
		{B0D81106-992B-4E48-9575-733C028CAE1F}.Release|Any CPU.ActiveCfg = Release|Any CPU
		{B0D81106-992B-4E48-9575-733C028CAE1F}.Release|Any CPU.Build.0 = Release|Any CPU
	EndGlobalSection
	GlobalSection(SolutionProperties) = preSolution
		HideSolutionNode = FALSE
	EndGlobalSection
	GlobalSection(ExtensibilityGlobals) = postSolution
		SolutionGuid = {9E8DD5AA-B227-429C-B3DB-71188F862D40}
	EndGlobalSection
EndGlobal
